
Microsoft Visual Studio Solution File, Format Version 12.00
# Visual Studio Version 17
VisualStudioVersion = 17.10.34916.146
MinimumVisualStudioVersion = 10.0.40219.1
Project("{FAE04EC0-301F-11D3-BF4B-00C04F79EFBC}") = "C968-Software-I-CSharp", "C968-Software-I-CSharp.csproj", "{24C528F9-30D2-42BC-A61E-A8D1A91685E3}"
EndProject
Global
	GlobalSection(SolutionConfigurationPlatforms) = preSolution
		Debug|Any CPU = Debug|Any CPU
		Release|Any CPU = Release|Any CPU
	EndGlobalSection
	GlobalSection(ProjectConfigurationPlatforms) = postSolution
		{24C528F9-30D2-42BC-A61E-A8D1A91685E3}.Debug|Any CPU.ActiveCfg = Debug|Any CPU
		{24C528F9-30D2-42BC-A61E-A8D1A91685E3}.Debug|Any CPU.Build.0 = Debug|Any CPU
		{24C528F9-30D2-42BC-A61E-A8D1A91685E3}.Release|Any CPU.ActiveCfg = Release|Any CPU
		{24C528F9-30D2-42BC-A61E-A8D1A91685E3}.Release|Any CPU.Build.0 = Release|Any CPU
	EndGlobalSection
	GlobalSection(SolutionProperties) = preSolution
		HideSolutionNode = FALSE
	EndGlobalSection
	GlobalSection(ExtensibilityGlobals) = postSolution
		SolutionGuid = {53D9BE55-A2CB-4FEE-9FEF-5D582ED35CE6}
	EndGlobalSection
EndGlobal
